
Microsoft Visual Studio Solution File, Format Version 12.00
# Visual Studio 15
VisualStudioVersion = 15.0.27428.2043
MinimumVisualStudioVersion = 10.0.40219.1
Project("{FAE04EC0-301F-11D3-BF4B-00C04F79EFBC}") = "PurpleBricksWeb", "PurpleBricksWeb\PurpleBricksWeb.csproj", "{7CC92649-8EEB-4258-8292-68118E6F97CD}"
EndProject
Project("{FAE04EC0-301F-11D3-BF4B-00C04F79EFBC}") = "PurpleBricksWeb.Tests", "PurpleBricksWeb.Tests\PurpleBricksWeb.Tests.csproj", "{AC78ECAD-7064-4775-AABA-989F0ED4410A}"
EndProject
Project("{FAE04EC0-301F-11D3-BF4B-00C04F79EFBC}") = "PurpleBricksLibrary", "PurpleBricksLibrary\PurpleBricksLibrary.csproj", "{D42B2537-69A7-44A6-A22B-6A27B3C0C649}"
EndProject
Global
	GlobalSection(SolutionConfigurationPlatforms) = preSolution
		Debug|Any CPU = Debug|Any CPU
		Release|Any CPU = Release|Any CPU
	EndGlobalSection
	GlobalSection(ProjectConfigurationPlatforms) = postSolution
		{7CC92649-8EEB-4258-8292-68118E6F97CD}.Debug|Any CPU.ActiveCfg = Debug|Any CPU
		{7CC92649-8EEB-4258-8292-68118E6F97CD}.Debug|Any CPU.Build.0 = Debug|Any CPU
		{7CC92649-8EEB-4258-8292-68118E6F97CD}.Release|Any CPU.ActiveCfg = Release|Any CPU
		{7CC92649-8EEB-4258-8292-68118E6F97CD}.Release|Any CPU.Build.0 = Release|Any CPU
		{AC78ECAD-7064-4775-AABA-989F0ED4410A}.Debug|Any CPU.ActiveCfg = Debug|Any CPU
		{AC78ECAD-7064-4775-AABA-989F0ED4410A}.Debug|Any CPU.Build.0 = Debug|Any CPU
		{AC78ECAD-7064-4775-AABA-989F0ED4410A}.Release|Any CPU.ActiveCfg = Release|Any CPU
		{AC78ECAD-7064-4775-AABA-989F0ED4410A}.Release|Any CPU.Build.0 = Release|Any CPU
		{D42B2537-69A7-44A6-A22B-6A27B3C0C649}.Debug|Any CPU.ActiveCfg = Debug|Any CPU
		{D42B2537-69A7-44A6-A22B-6A27B3C0C649}.Debug|Any CPU.Build.0 = Debug|Any CPU
		{D42B2537-69A7-44A6-A22B-6A27B3C0C649}.Release|Any CPU.ActiveCfg = Release|Any CPU
		{D42B2537-69A7-44A6-A22B-6A27B3C0C649}.Release|Any CPU.Build.0 = Release|Any CPU
	EndGlobalSection
	GlobalSection(SolutionProperties) = preSolution
		HideSolutionNode = FALSE
	EndGlobalSection
	GlobalSection(ExtensibilityGlobals) = postSolution
		SolutionGuid = {7B1A12A4-5C4B-4646-AEE4-D539B1E8839C}
	EndGlobalSection
EndGlobal
